
Microsoft Visual Studio Solution File, Format Version 12.00
# Visual Studio Version 16
VisualStudioVersion = 16.0.30011.22
MinimumVisualStudioVersion = 10.0.40219.1
Project("{FAE04EC0-301F-11D3-BF4B-00C04F79EFBC}") = "D22_Rnd_Sayi_Tahmin_Etme_Oyunu", "D22_Rnd_Sayi_Tahmin_Etme_Oyunu\D22_Rnd_Sayi_Tahmin_Etme_Oyunu.csproj", "{202EDFF6-9D46-4E0C-A525-6FDBF73E35BB}"
EndProject
Global
	GlobalSection(SolutionConfigurationPlatforms) = preSolution
		Debug|Any CPU = Debug|Any CPU
		Release|Any CPU = Release|Any CPU
	EndGlobalSection
	GlobalSection(ProjectConfigurationPlatforms) = postSolution
		{202EDFF6-9D46-4E0C-A525-6FDBF73E35BB}.Debug|Any CPU.ActiveCfg = Debug|Any CPU
		{202EDFF6-9D46-4E0C-A525-6FDBF73E35BB}.Debug|Any CPU.Build.0 = Debug|Any CPU
		{202EDFF6-9D46-4E0C-A525-6FDBF73E35BB}.Release|Any CPU.ActiveCfg = Release|Any CPU
		{202EDFF6-9D46-4E0C-A525-6FDBF73E35BB}.Release|Any CPU.Build.0 = Release|Any CPU
	EndGlobalSection
	GlobalSection(SolutionProperties) = preSolution
		HideSolutionNode = FALSE
	EndGlobalSection
	GlobalSection(ExtensibilityGlobals) = postSolution
		SolutionGuid = {683B8024-837B-4E6A-B6A2-1BE0DABD303E}
	EndGlobalSection
EndGlobal
